// !$*UTF8*$!
{
	archiveVersion = 1;
	classes = {
	};
	objectVersion = 55;
	objects = {

/* Begin PBXBuildFile section */
		094E72BF27DBB44E005408FF /* Tests_iOS.swift in Sources */ = {isa = PBXBuildFile; fileRef = 094E72BE27DBB44E005408FF /* Tests_iOS.swift */; };
		094E72C127DBB44E005408FF /* Tests_iOSLaunchTests.swift in Sources */ = {isa = PBXBuildFile; fileRef = 094E72C027DBB44E005408FF /* Tests_iOSLaunchTests.swift */; };
		094E72CB27DBB44E005408FF /* Tests_macOS.swift in Sources */ = {isa = PBXBuildFile; fileRef = 094E72CA27DBB44E005408FF /* Tests_macOS.swift */; };
		094E72CD27DBB44E005408FF /* Tests_macOSLaunchTests.swift in Sources */ = {isa = PBXBuildFile; fileRef = 094E72CC27DBB44E005408FF /* Tests_macOSLaunchTests.swift */; };
		094E72CE27DBB44E005408FF /* Homework_5App.swift in Sources */ = {isa = PBXBuildFile; fileRef = 094E72A627DBB44C005408FF /* Homework_5App.swift */; };
		094E72CF27DBB44E005408FF /* Homework_5App.swift in Sources */ = {isa = PBXBuildFile; fileRef = 094E72A627DBB44C005408FF /* Homework_5App.swift */; };
		094E72D027DBB44E005408FF /* ContentView.swift in Sources */ = {isa = PBXBuildFile; fileRef = 094E72A727DBB44C005408FF /* ContentView.swift */; };
		094E72D127DBB44E005408FF /* ContentView.swift in Sources */ = {isa = PBXBuildFile; fileRef = 094E72A727DBB44C005408FF /* ContentView.swift */; };
		094E72D227DBB44E005408FF /* Assets.xcassets in Resources */ = {isa = PBXBuildFile; fileRef = 094E72A827DBB44E005408FF /* Assets.xcassets */; };
		094E72D327DBB44E005408FF /* Assets.xcassets in Resources */ = {isa = PBXBuildFile; fileRef = 094E72A827DBB44E005408FF /* Assets.xcassets */; };
		09A358EC27EE10D2003817FC /* Matrix_Form_Schrodinger .swift in Sources */ = {isa = PBXBuildFile; fileRef = 09A358EB27EE10D2003817FC /* Matrix_Form_Schrodinger .swift */; };
		09A358ED27EE10D2003817FC /* Matrix_Form_Schrodinger .swift in Sources */ = {isa = PBXBuildFile; fileRef = 09A358EB27EE10D2003817FC /* Matrix_Form_Schrodinger .swift */; };
		09A358EF27EE10DE003817FC /* Potentials.swift in Sources */ = {isa = PBXBuildFile; fileRef = 09A358EE27EE10DE003817FC /* Potentials.swift */; };
		09A358F027EE10DE003817FC /* Potentials.swift in Sources */ = {isa = PBXBuildFile; fileRef = 09A358EE27EE10DE003817FC /* Potentials.swift */; };
		09A358F227EE1211003817FC /* PlotDataClass.swift in Sources */ = {isa = PBXBuildFile; fileRef = 09A358F127EE1211003817FC /* PlotDataClass.swift */; };
		09A358F327EE1211003817FC /* PlotDataClass.swift in Sources */ = {isa = PBXBuildFile; fileRef = 09A358F127EE1211003817FC /* PlotDataClass.swift */; };
		09A358F527EE123E003817FC /* TextExportDocument.swift in Sources */ = {isa = PBXBuildFile; fileRef = 09A358F427EE123E003817FC /* TextExportDocument.swift */; };
		09A358F627EE123E003817FC /* TextExportDocument.swift in Sources */ = {isa = PBXBuildFile; fileRef = 09A358F427EE123E003817FC /* TextExportDocument.swift */; };
		09A358F827EE1255003817FC /* CorePlot.swift in Sources */ = {isa = PBXBuildFile; fileRef = 09A358F727EE1255003817FC /* CorePlot.swift */; };
		09A358F927EE1255003817FC /* CorePlot.swift in Sources */ = {isa = PBXBuildFile; fileRef = 09A358F727EE1255003817FC /* CorePlot.swift */; };
		09A358FC27EE138A003817FC /* ChangingPlotParameters.swift in Sources */ = {isa = PBXBuildFile; fileRef = 09A358FB27EE138A003817FC /* ChangingPlotParameters.swift */; };
		09A358FD27EE138A003817FC /* ChangingPlotParameters.swift in Sources */ = {isa = PBXBuildFile; fileRef = 09A358FB27EE138A003817FC /* ChangingPlotParameters.swift */; };
		09A358FF27EE13A9003817FC /* TextView.swift in Sources */ = {isa = PBXBuildFile; fileRef = 09A358FE27EE13A9003817FC /* TextView.swift */; };
		09A3590027EE13A9003817FC /* TextView.swift in Sources */ = {isa = PBXBuildFile; fileRef = 09A358FE27EE13A9003817FC /* TextView.swift */; };
		09A3590427F5E707003817FC /* Wavefunction_rk4.swift in Sources */ = {isa = PBXBuildFile; fileRef = 09A3590327F5E707003817FC /* Wavefunction_rk4.swift */; };
		09A3590527F5E707003817FC /* Wavefunction_rk4.swift in Sources */ = {isa = PBXBuildFile; fileRef = 09A3590327F5E707003817FC /* Wavefunction_rk4.swift */; };
/* End PBXBuildFile section */

/* Begin PBXContainerItemProxy section */
		094E72BB27DBB44E005408FF /* PBXContainerItemProxy */ = {
			isa = PBXContainerItemProxy;
			containerPortal = 094E72A127DBB44C005408FF /* Project object */;
			proxyType = 1;
			remoteGlobalIDString = 094E72AC27DBB44E005408FF;
			remoteInfo = "Homework 5 (iOS)";
		};
		094E72C727DBB44E005408FF /* PBXContainerItemProxy */ = {
			isa = PBXContainerItemProxy;
			containerPortal = 094E72A127DBB44C005408FF /* Project object */;
			proxyType = 1;
			remoteGlobalIDString = 094E72B227DBB44E005408FF;
			remoteInfo = "Homework 5 (macOS)";
		};
/* End PBXContainerItemProxy section */

/* Begin PBXFileReference section */
		094E72A627DBB44C005408FF /* Homework_5App.swift */ = {isa = PBXFileReference; lastKnownFileType = sourcecode.swift; path = Homework_5App.swift; sourceTree = "<group>"; };
		094E72A727DBB44C005408FF /* ContentView.swift */ = {isa = PBXFileReference; lastKnownFileType = sourcecode.swift; path = ContentView.swift; sourceTree = "<group>"; };
		094E72A827DBB44E005408FF /* Assets.xcassets */ = {isa = PBXFileReference; lastKnownFileType = folder.assetcatalog; path = Assets.xcassets; sourceTree = "<group>"; };
		094E72AD27DBB44E005408FF /* Homework 5.app */ = {isa = PBXFileReference; explicitFileType = wrapper.application; includeInIndex = 0; path = "Homework 5.app"; sourceTree = BUILT_PRODUCTS_DIR; };
		094E72B327DBB44E005408FF /* Homework 5.app */ = {isa = PBXFileReference; explicitFileType = wrapper.application; includeInIndex = 0; path = "Homework 5.app"; sourceTree = BUILT_PRODUCTS_DIR; };
		094E72B527DBB44E005408FF /* macOS.entitlements */ = {isa = PBXFileReference; lastKnownFileType = text.plist.entitlements; path = macOS.entitlements; sourceTree = "<group>"; };
		094E72BA27DBB44E005408FF /* Tests iOS.xctest */ = {isa = PBXFileReference; explicitFileType = wrapper.cfbundle; includeInIndex = 0; path = "Tests iOS.xctest"; sourceTree = BUILT_PRODUCTS_DIR; };
		094E72BE27DBB44E005408FF /* Tests_iOS.swift */ = {isa = PBXFileReference; lastKnownFileType = sourcecode.swift; path = Tests_iOS.swift; sourceTree = "<group>"; };
		094E72C027DBB44E005408FF /* Tests_iOSLaunchTests.swift */ = {isa = PBXFileReference; lastKnownFileType = sourcecode.swift; path = Tests_iOSLaunchTests.swift; sourceTree = "<group>"; };
		094E72C627DBB44E005408FF /* Tests macOS.xctest */ = {isa = PBXFileReference; explicitFileType = wrapper.cfbundle; includeInIndex = 0; path = "Tests macOS.xctest"; sourceTree = BUILT_PRODUCTS_DIR; };
		094E72CA27DBB44E005408FF /* Tests_macOS.swift */ = {isa = PBXFileReference; lastKnownFileType = sourcecode.swift; path = Tests_macOS.swift; sourceTree = "<group>"; };
		094E72CC27DBB44E005408FF /* Tests_macOSLaunchTests.swift */ = {isa = PBXFileReference; lastKnownFileType = sourcecode.swift; path = Tests_macOSLaunchTests.swift; sourceTree = "<group>"; };
		09A358EB27EE10D2003817FC /* Matrix_Form_Schrodinger .swift */ = {isa = PBXFileReference; lastKnownFileType = sourcecode.swift; path = "Matrix_Form_Schrodinger .swift"; sourceTree = "<group>"; };
		09A358EE27EE10DE003817FC /* Potentials.swift */ = {isa = PBXFileReference; lastKnownFileType = sourcecode.swift; path = Potentials.swift; sourceTree = "<group>"; };
		09A358F127EE1211003817FC /* PlotDataClass.swift */ = {isa = PBXFileReference; lastKnownFileType = sourcecode.swift; path = PlotDataClass.swift; sourceTree = "<group>"; };
		09A358F427EE123E003817FC /* TextExportDocument.swift */ = {isa = PBXFileReference; lastKnownFileType = sourcecode.swift; path = TextExportDocument.swift; sourceTree = "<group>"; };
		09A358F727EE1255003817FC /* CorePlot.swift */ = {isa = PBXFileReference; lastKnownFileType = sourcecode.swift; path = CorePlot.swift; sourceTree = "<group>"; };
		09A358FB27EE138A003817FC /* ChangingPlotParameters.swift */ = {isa = PBXFileReference; lastKnownFileType = sourcecode.swift; path = ChangingPlotParameters.swift; sourceTree = "<group>"; };
		09A358FE27EE13A9003817FC /* TextView.swift */ = {isa = PBXFileReference; lastKnownFileType = sourcecode.swift; path = TextView.swift; sourceTree = "<group>"; };
		09A3590327F5E707003817FC /* Wavefunction_rk4.swift */ = {isa = PBXFileReference; lastKnownFileType = sourcecode.swift; path = Wavefunction_rk4.swift; sourceTree = "<group>"; };
/* End PBXFileReference section */

/* Begin PBXFrameworksBuildPhase section */
		094E72AA27DBB44E005408FF /* Frameworks */ = {
			isa = PBXFrameworksBuildPhase;
			buildActionMask = 2147483647;
			files = (
			);
			runOnlyForDeploymentPostprocessing = 0;
		};
		094E72B027DBB44E005408FF /* Frameworks */ = {
			isa = PBXFrameworksBuildPhase;
			buildActionMask = 2147483647;
			files = (
			);
			runOnlyForDeploymentPostprocessing = 0;
		};
		094E72B727DBB44E005408FF /* Frameworks */ = {
			isa = PBXFrameworksBuildPhase;
			buildActionMask = 2147483647;
			files = (
			);
			runOnlyForDeploymentPostprocessing = 0;
		};
		094E72C327DBB44E005408FF /* Frameworks */ = {
			isa = PBXFrameworksBuildPhase;
			buildActionMask = 2147483647;
			files = (
			);
			runOnlyForDeploymentPostprocessing = 0;
		};
/* End PBXFrameworksBuildPhase section */

/* Begin PBXGroup section */
		094E72A027DBB44C005408FF = {
			isa = PBXGroup;
			children = (
				094E72A527DBB44C005408FF /* Shared */,
				094E72B427DBB44E005408FF /* macOS */,
				094E72BD27DBB44E005408FF /* Tests iOS */,
				094E72C927DBB44E005408FF /* Tests macOS */,
				094E72AE27DBB44E005408FF /* Products */,
			);
			sourceTree = "<group>";
		};
		094E72A527DBB44C005408FF /* Shared */ = {
			isa = PBXGroup;
			children = (
				094E72A627DBB44C005408FF /* Homework_5App.swift */,
				094E72A727DBB44C005408FF /* ContentView.swift */,
				09A358EB27EE10D2003817FC /* Matrix_Form_Schrodinger .swift */,
				09A358EE27EE10DE003817FC /* Potentials.swift */,
				09A358F127EE1211003817FC /* PlotDataClass.swift */,
				09A3590327F5E707003817FC /* Wavefunction_rk4.swift */,
				09A358FE27EE13A9003817FC /* TextView.swift */,
				09A358F427EE123E003817FC /* TextExportDocument.swift */,
				09A358FB27EE138A003817FC /* ChangingPlotParameters.swift */,
				09A358F727EE1255003817FC /* CorePlot.swift */,
				094E72A827DBB44E005408FF /* Assets.xcassets */,
			);
			path = Shared;
			sourceTree = "<group>";
		};
		094E72AE27DBB44E005408FF /* Products */ = {
			isa = PBXGroup;
			children = (
				094E72AD27DBB44E005408FF /* Homework 5.app */,
				094E72B327DBB44E005408FF /* Homework 5.app */,
				094E72BA27DBB44E005408FF /* Tests iOS.xctest */,
				094E72C627DBB44E005408FF /* Tests macOS.xctest */,
			);
			name = Products;
			sourceTree = "<group>";
		};
		094E72B427DBB44E005408FF /* macOS */ = {
			isa = PBXGroup;
			children = (
				094E72B527DBB44E005408FF /* macOS.entitlements */,
			);
			path = macOS;
			sourceTree = "<group>";
		};
		094E72BD27DBB44E005408FF /* Tests iOS */ = {
			isa = PBXGroup;
			children = (
				094E72BE27DBB44E005408FF /* Tests_iOS.swift */,
				094E72C027DBB44E005408FF /* Tests_iOSLaunchTests.swift */,
			);
			path = "Tests iOS";
			sourceTree = "<group>";
		};
		094E72C927DBB44E005408FF /* Tests macOS */ = {
			isa = PBXGroup;
			children = (
				094E72CA27DBB44E005408FF /* Tests_macOS.swift */,
				094E72CC27DBB44E005408FF /* Tests_macOSLaunchTests.swift */,
			);
			path = "Tests macOS";
			sourceTree = "<group>";
		};
/* End PBXGroup section */

/* Begin PBXNativeTarget section */
		094E72AC27DBB44E005408FF /* Homework 5 (iOS) */ = {
			isa = PBXNativeTarget;
			buildConfigurationList = 094E72D627DBB44E005408FF /* Build configuration list for PBXNativeTarget "Homework 5 (iOS)" */;
			buildPhases = (
				094E72A927DBB44E005408FF /* Sources */,
				094E72AA27DBB44E005408FF /* Frameworks */,
				094E72AB27DBB44E005408FF /* Resources */,
			);
			buildRules = (
			);
			dependencies = (
			);
			name = "Homework 5 (iOS)";
			productName = "Homework 5 (iOS)";
			productReference = 094E72AD27DBB44E005408FF /* Homework 5.app */;
			productType = "com.apple.product-type.application";
		};
		094E72B227DBB44E005408FF /* Homework 5 (macOS) */ = {
			isa = PBXNativeTarget;
			buildConfigurationList = 094E72D927DBB44E005408FF /* Build configuration list for PBXNativeTarget "Homework 5 (macOS)" */;
			buildPhases = (
				094E72AF27DBB44E005408FF /* Sources */,
				094E72B027DBB44E005408FF /* Frameworks */,
				094E72B127DBB44E005408FF /* Resources */,
			);
			buildRules = (
			);
			dependencies = (
			);
			name = "Homework 5 (macOS)";
			productName = "Homework 5 (macOS)";
			productReference = 094E72B327DBB44E005408FF /* Homework 5.app */;
			productType = "com.apple.product-type.application";
		};
		094E72B927DBB44E005408FF /* Tests iOS */ = {
			isa = PBXNativeTarget;
			buildConfigurationList = 094E72DC27DBB44E005408FF /* Build configuration list for PBXNativeTarget "Tests iOS" */;
			buildPhases = (
				094E72B627DBB44E005408FF /* Sources */,
				094E72B727DBB44E005408FF /* Frameworks */,
				094E72B827DBB44E005408FF /* Resources */,
			);
			buildRules = (
			);
			dependencies = (
				094E72BC27DBB44E005408FF /* PBXTargetDependency */,
			);
			name = "Tests iOS";
			productName = "Tests iOS";
			productReference = 094E72BA27DBB44E005408FF /* Tests iOS.xctest */;
			productType = "com.apple.product-type.bundle.ui-testing";
		};
		094E72C527DBB44E005408FF /* Tests macOS */ = {
			isa = PBXNativeTarget;
			buildConfigurationList = 094E72DF27DBB44E005408FF /* Build configuration list for PBXNativeTarget "Tests macOS" */;
			buildPhases = (
				094E72C227DBB44E005408FF /* Sources */,
				094E72C327DBB44E005408FF /* Frameworks */,
				094E72C427DBB44E005408FF /* Resources */,
			);
			buildRules = (
			);
			dependencies = (
				094E72C827DBB44E005408FF /* PBXTargetDependency */,
			);
			name = "Tests macOS";
			productName = "Tests macOS";
			productReference = 094E72C627DBB44E005408FF /* Tests macOS.xctest */;
			productType = "com.apple.product-type.bundle.ui-testing";
		};
/* End PBXNativeTarget section */

/* Begin PBXProject section */
		094E72A127DBB44C005408FF /* Project object */ = {
			isa = PBXProject;
			attributes = {
				BuildIndependentTargetsInParallel = 1;
				LastSwiftUpdateCheck = 1320;
				LastUpgradeCheck = 1320;
				TargetAttributes = {
					094E72AC27DBB44E005408FF = {
						CreatedOnToolsVersion = 13.2.1;
					};
					094E72B227DBB44E005408FF = {
						CreatedOnToolsVersion = 13.2.1;
					};
					094E72B927DBB44E005408FF = {
						CreatedOnToolsVersion = 13.2.1;
						TestTargetID = 094E72AC27DBB44E005408FF;
					};
					094E72C527DBB44E005408FF = {
						CreatedOnToolsVersion = 13.2.1;
						TestTargetID = 094E72B227DBB44E005408FF;
					};
				};
			};
			buildConfigurationList = 094E72A427DBB44C005408FF /* Build configuration list for PBXProject "Homework 5" */;
			compatibilityVersion = "Xcode 13.0";
			developmentRegion = en;
			hasScannedForEncodings = 0;
			knownRegions = (
				en,
				Base,
			);
			mainGroup = 094E72A027DBB44C005408FF;
			packageReferences = (
				09A3590227F34C5F003817FC /* XCRemoteSwiftPackageReference "core-plot" */,
			);
			productRefGroup = 094E72AE27DBB44E005408FF /* Products */;
			projectDirPath = "";
			projectRoot = "";
			targets = (
				094E72AC27DBB44E005408FF /* Homework 5 (iOS) */,
				094E72B227DBB44E005408FF /* Homework 5 (macOS) */,
				094E72B927DBB44E005408FF /* Tests iOS */,
				094E72C527DBB44E005408FF /* Tests macOS */,
			);
		};
/* End PBXProject section */

/* Begin PBXResourcesBuildPhase section */
		094E72AB27DBB44E005408FF /* Resources */ = {
			isa = PBXResourcesBuildPhase;
			buildActionMask = 2147483647;
			files = (
				094E72D227DBB44E005408FF /* Assets.xcassets in Resources */,
			);
			runOnlyForDeploymentPostprocessing = 0;
		};
		094E72B127DBB44E005408FF /* Resources */ = {
			isa = PBXResourcesBuildPhase;
			buildActionMask = 2147483647;
			files = (
				094E72D327DBB44E005408FF /* Assets.xcassets in Resources */,
			);
			runOnlyForDeploymentPostprocessing = 0;
		};
		094E72B827DBB44E005408FF /* Resources */ = {
			isa = PBXResourcesBuildPhase;
			buildActionMask = 2147483647;
			files = (
			);
			runOnlyForDeploymentPostprocessing = 0;
		};
		094E72C427DBB44E005408FF /* Resources */ = {
			isa = PBXResourcesBuildPhase;
			buildActionMask = 2147483647;
			files = (
			);
			runOnlyForDeploymentPostprocessing = 0;
		};
/* End PBXResourcesBuildPhase section */

/* Begin PBXSourcesBuildPhase section */
		094E72A927DBB44E005408FF /* Sources */ = {
			isa = PBXSourcesBuildPhase;
			buildActionMask = 2147483647;
			files = (
				09A358EC27EE10D2003817FC /* Matrix_Form_Schrodinger .swift in Sources */,
				09A358FC27EE138A003817FC /* ChangingPlotParameters.swift in Sources */,
				094E72D027DBB44E005408FF /* ContentView.swift in Sources */,
				09A358F227EE1211003817FC /* PlotDataClass.swift in Sources */,
				09A3590427F5E707003817FC /* Wavefunction_rk4.swift in Sources */,
				09A358F827EE1255003817FC /* CorePlot.swift in Sources */,
				09A358F527EE123E003817FC /* TextExportDocument.swift in Sources */,
				09A358FF27EE13A9003817FC /* TextView.swift in Sources */,
				09A358EF27EE10DE003817FC /* Potentials.swift in Sources */,
				094E72CE27DBB44E005408FF /* Homework_5App.swift in Sources */,
			);
			runOnlyForDeploymentPostprocessing = 0;
		};
		094E72AF27DBB44E005408FF /* Sources */ = {
			isa = PBXSourcesBuildPhase;
			buildActionMask = 2147483647;
			files = (
				09A358ED27EE10D2003817FC /* Matrix_Form_Schrodinger .swift in Sources */,
				09A358FD27EE138A003817FC /* ChangingPlotParameters.swift in Sources */,
				094E72D127DBB44E005408FF /* ContentView.swift in Sources */,
				09A358F327EE1211003817FC /* PlotDataClass.swift in Sources */,
				09A3590527F5E707003817FC /* Wavefunction_rk4.swift in Sources */,
				09A358F927EE1255003817FC /* CorePlot.swift in Sources */,
				09A358F627EE123E003817FC /* TextExportDocument.swift in Sources */,
				09A3590027EE13A9003817FC /* TextView.swift in Sources */,
				09A358F027EE10DE003817FC /* Potentials.swift in Sources */,
				094E72CF27DBB44E005408FF /* Homework_5App.swift in Sources */,
			);
			runOnlyForDeploymentPostprocessing = 0;
		};
		094E72B627DBB44E005408FF /* Sources */ = {
			isa = PBXSourcesBuildPhase;
			buildActionMask = 2147483647;
			files = (
				094E72C127DBB44E005408FF /* Tests_iOSLaunchTests.swift in Sources */,
				094E72BF27DBB44E005408FF /* Tests_iOS.swift in Sources */,
			);
			runOnlyForDeploymentPostprocessing = 0;
		};
		094E72C227DBB44E005408FF /* Sources */ = {
			isa = PBXSourcesBuildPhase;
			buildActionMask = 2147483647;
			files = (
				094E72CD27DBB44E005408FF /* Tests_macOSLaunchTests.swift in Sources */,
				094E72CB27DBB44E005408FF /* Tests_macOS.swift in Sources */,
			);
			runOnlyForDeploymentPostprocessing = 0;
		};
/* End PBXSourcesBuildPhase section */

/* Begin PBXTargetDependency section */
		094E72BC27DBB44E005408FF /* PBXTargetDependency */ = {
			isa = PBXTargetDependency;
			target = 094E72AC27DBB44E005408FF /* Homework 5 (iOS) */;
			targetProxy = 094E72BB27DBB44E005408FF /* PBXContainerItemProxy */;
		};
		094E72C827DBB44E005408FF /* PBXTargetDependency */ = {
			isa = PBXTargetDependency;
			target = 094E72B227DBB44E005408FF /* Homework 5 (macOS) */;
			targetProxy = 094E72C727DBB44E005408FF /* PBXContainerItemProxy */;
		};
/* End PBXTargetDependency section */

/* Begin XCBuildConfiguration section */
		094E72D427DBB44E005408FF /* Debug */ = {
			isa = XCBuildConfiguration;
			buildSettings = {
				ALWAYS_SEARCH_USER_PATHS = NO;
				CLANG_ANALYZER_NONNULL = YES;
				CLANG_ANALYZER_NUMBER_OBJECT_CONVERSION = YES_AGGRESSIVE;
				CLANG_CXX_LANGUAGE_STANDARD = "gnu++17";
				CLANG_CXX_LIBRARY = "libc++";
				CLANG_ENABLE_MODULES = YES;
				CLANG_ENABLE_OBJC_ARC = YES;
				CLANG_ENABLE_OBJC_WEAK = YES;
				CLANG_WARN_BLOCK_CAPTURE_AUTORELEASING = YES;
				CLANG_WARN_BOOL_CONVERSION = YES;
				CLANG_WARN_COMMA = YES;
				CLANG_WARN_CONSTANT_CONVERSION = YES;
				CLANG_WARN_DEPRECATED_OBJC_IMPLEMENTATIONS = YES;
				CLANG_WARN_DIRECT_OBJC_ISA_USAGE = YES_ERROR;
				CLANG_WARN_DOCUMENTATION_COMMENTS = YES;
				CLANG_WARN_EMPTY_BODY = YES;
				CLANG_WARN_ENUM_CONVERSION = YES;
				CLANG_WARN_INFINITE_RECURSION = YES;
				CLANG_WARN_INT_CONVERSION = YES;
				CLANG_WARN_NON_LITERAL_NULL_CONVERSION = YES;
				CLANG_WARN_OBJC_IMPLICIT_RETAIN_SELF = YES;
				CLANG_WARN_OBJC_LITERAL_CONVERSION = YES;
				CLANG_WARN_OBJC_ROOT_CLASS = YES_ERROR;
				CLANG_WARN_QUOTED_INCLUDE_IN_FRAMEWORK_HEADER = YES;
				CLANG_WARN_RANGE_LOOP_ANALYSIS = YES;
				CLANG_WARN_STRICT_PROTOTYPES = YES;
				CLANG_WARN_SUSPICIOUS_MOVE = YES;
				CLANG_WARN_UNGUARDED_AVAILABILITY = YES_AGGRESSIVE;
				CLANG_WARN_UNREACHABLE_CODE = YES;
				CLANG_WARN__DUPLICATE_METHOD_MATCH = YES;
				COPY_PHASE_STRIP = NO;
				DEBUG_INFORMATION_FORMAT = dwarf;
				ENABLE_STRICT_OBJC_MSGSEND = YES;
				ENABLE_TESTABILITY = YES;
				GCC_C_LANGUAGE_STANDARD = gnu11;
				GCC_DYNAMIC_NO_PIC = NO;
				GCC_NO_COMMON_BLOCKS = YES;
				GCC_OPTIMIZATION_LEVEL = 0;
				GCC_PREPROCESSOR_DEFINITIONS = (
					"DEBUG=1",
					"$(inherited)",
				);
				GCC_WARN_64_TO_32_BIT_CONVERSION = YES;
				GCC_WARN_ABOUT_RETURN_TYPE = YES_ERROR;
				GCC_WARN_UNDECLARED_SELECTOR = YES;
				GCC_WARN_UNINITIALIZED_AUTOS = YES_AGGRESSIVE;
				GCC_WARN_UNUSED_FUNCTION = YES;
				GCC_WARN_UNUSED_VARIABLE = YES;
				MTL_ENABLE_DEBUG_INFO = INCLUDE_SOURCE;
				MTL_FAST_MATH = YES;
				ONLY_ACTIVE_ARCH = YES;
				SWIFT_ACTIVE_COMPILATION_CONDITIONS = DEBUG;
				SWIFT_OPTIMIZATION_LEVEL = "-Onone";
			};
			name = Debug;
		};
		094E72D527DBB44E005408FF /* Release */ = {
			isa = XCBuildConfiguration;
			buildSettings = {
				ALWAYS_SEARCH_USER_PATHS = NO;
				CLANG_ANALYZER_NONNULL = YES;
				CLANG_ANALYZER_NUMBER_OBJECT_CONVERSION = YES_AGGRESSIVE;
				CLANG_CXX_LANGUAGE_STANDARD = "gnu++17";
				CLANG_CXX_LIBRARY = "libc++";
				CLANG_ENABLE_MODULES = YES;
				CLANG_ENABLE_OBJC_ARC = YES;
				CLANG_ENABLE_OBJC_WEAK = YES;
				CLANG_WARN_BLOCK_CAPTURE_AUTORELEASING = YES;
				CLANG_WARN_BOOL_CONVERSION = YES;
				CLANG_WARN_COMMA = YES;
				CLANG_WARN_CONSTANT_CONVERSION = YES;
				CLANG_WARN_DEPRECATED_OBJC_IMPLEMENTATIONS = YES;
				CLANG_WARN_DIRECT_OBJC_ISA_USAGE = YES_ERROR;
				CLANG_WARN_DOCUMENTATION_COMMENTS = YES;
				CLANG_WARN_EMPTY_BODY = YES;
				CLANG_WARN_ENUM_CONVERSION = YES;
				CLANG_WARN_INFINITE_RECURSION = YES;
				CLANG_WARN_INT_CONVERSION = YES;
				CLANG_WARN_NON_LITERAL_NULL_CONVERSION = YES;
				CLANG_WARN_OBJC_IMPLICIT_RETAIN_SELF = YES;
				CLANG_WARN_OBJC_LITERAL_CONVERSION = YES;
				CLANG_WARN_OBJC_ROOT_CLASS = YES_ERROR;
				CLANG_WARN_QUOTED_INCLUDE_IN_FRAMEWORK_HEADER = YES;
				CLANG_WARN_RANGE_LOOP_ANALYSIS = YES;
				CLANG_WARN_STRICT_PROTOTYPES = YES;
				CLANG_WARN_SUSPICIOUS_MOVE = YES;
				CLANG_WARN_UNGUARDED_AVAILABILITY = YES_AGGRESSIVE;
				CLANG_WARN_UNREACHABLE_CODE = YES;
				CLANG_WARN__DUPLICATE_METHOD_MATCH = YES;
				COPY_PHASE_STRIP = NO;
				DEBUG_INFORMATION_FORMAT = "dwarf-with-dsym";
				ENABLE_NS_ASSERTIONS = NO;
				ENABLE_STRICT_OBJC_MSGSEND = YES;
				GCC_C_LANGUAGE_STANDARD = gnu11;
				GCC_NO_COMMON_BLOCKS = YES;
				GCC_WARN_64_TO_32_BIT_CONVERSION = YES;
				GCC_WARN_ABOUT_RETURN_TYPE = YES_ERROR;
				GCC_WARN_UNDECLARED_SELECTOR = YES;
				GCC_WARN_UNINITIALIZED_AUTOS = YES_AGGRESSIVE;
				GCC_WARN_UNUSED_FUNCTION = YES;
				GCC_WARN_UNUSED_VARIABLE = YES;
				MTL_ENABLE_DEBUG_INFO = NO;
				MTL_FAST_MATH = YES;
				SWIFT_COMPILATION_MODE = wholemodule;
				SWIFT_OPTIMIZATION_LEVEL = "-O";
			};
			name = Release;
		};
		094E72D727DBB44E005408FF /* Debug */ = {
			isa = XCBuildConfiguration;
			buildSettings = {
				ASSETCATALOG_COMPILER_APPICON_NAME = AppIcon;
				ASSETCATALOG_COMPILER_GLOBAL_ACCENT_COLOR_NAME = AccentColor;
				CODE_SIGN_STYLE = Automatic;
				CURRENT_PROJECT_VERSION = 1;
				ENABLE_PREVIEWS = YES;
				GENERATE_INFOPLIST_FILE = YES;
				INFOPLIST_KEY_UIApplicationSceneManifest_Generation = YES;
				INFOPLIST_KEY_UIApplicationSupportsIndirectInputEvents = YES;
				INFOPLIST_KEY_UILaunchScreen_Generation = YES;
				INFOPLIST_KEY_UISupportedInterfaceOrientations_iPad = "UIInterfaceOrientationPortrait UIInterfaceOrientationPortraitUpsideDown UIInterfaceOrientationLandscapeLeft UIInterfaceOrientationLandscapeRight";
				INFOPLIST_KEY_UISupportedInterfaceOrientations_iPhone = "UIInterfaceOrientationPortrait UIInterfaceOrientationLandscapeLeft UIInterfaceOrientationLandscapeRight";
				IPHONEOS_DEPLOYMENT_TARGET = 15.2;
				LD_RUNPATH_SEARCH_PATHS = (
					"$(inherited)",
					"@executable_path/Frameworks",
				);
				MARKETING_VERSION = 1.0;
				PRODUCT_BUNDLE_IDENTIFIER = "IIT.Homework-5";
				PRODUCT_NAME = "Homework 5";
				SDKROOT = iphoneos;
				SWIFT_EMIT_LOC_STRINGS = YES;
				SWIFT_VERSION = 5.0;
				TARGETED_DEVICE_FAMILY = "1,2";
			};
			name = Debug;
		};
		094E72D827DBB44E005408FF /* Release */ = {
			isa = XCBuildConfiguration;
			buildSettings = {
				ASSETCATALOG_COMPILER_APPICON_NAME = AppIcon;
				ASSETCATALOG_COMPILER_GLOBAL_ACCENT_COLOR_NAME = AccentColor;
				CODE_SIGN_STYLE = Automatic;
				CURRENT_PROJECT_VERSION = 1;
				ENABLE_PREVIEWS = YES;
				GENERATE_INFOPLIST_FILE = YES;
				INFOPLIST_KEY_UIApplicationSceneManifest_Generation = YES;
				INFOPLIST_KEY_UIApplicationSupportsIndirectInputEvents = YES;
				INFOPLIST_KEY_UILaunchScreen_Generation = YES;
				INFOPLIST_KEY_UISupportedInterfaceOrientations_iPad = "UIInterfaceOrientationPortrait UIInterfaceOrientationPortraitUpsideDown UIInterfaceOrientationLandscapeLeft UIInterfaceOrientationLandscapeRight";
				INFOPLIST_KEY_UISupportedInterfaceOrientations_iPhone = "UIInterfaceOrientationPortrait UIInterfaceOrientationLandscapeLeft UIInterfaceOrientationLandscapeRight";
				IPHONEOS_DEPLOYMENT_TARGET = 15.2;
				LD_RUNPATH_SEARCH_PATHS = (
					"$(inherited)",
					"@executable_path/Frameworks",
				);
				MARKETING_VERSION = 1.0;
				PRODUCT_BUNDLE_IDENTIFIER = "IIT.Homework-5";
				PRODUCT_NAME = "Homework 5";
				SDKROOT = iphoneos;
				SWIFT_EMIT_LOC_STRINGS = YES;
				SWIFT_VERSION = 5.0;
				TARGETED_DEVICE_FAMILY = "1,2";
				VALIDATE_PRODUCT = YES;
			};
			name = Release;
		};
		094E72DA27DBB44E005408FF /* Debug */ = {
			isa = XCBuildConfiguration;
			buildSettings = {
				ASSETCATALOG_COMPILER_APPICON_NAME = AppIcon;
				ASSETCATALOG_COMPILER_GLOBAL_ACCENT_COLOR_NAME = AccentColor;
				CODE_SIGN_ENTITLEMENTS = macOS/macOS.entitlements;
				CODE_SIGN_STYLE = Automatic;
				COMBINE_HIDPI_IMAGES = YES;
				CURRENT_PROJECT_VERSION = 1;
				ENABLE_PREVIEWS = YES;
				GENERATE_INFOPLIST_FILE = YES;
				INFOPLIST_KEY_NSHumanReadableCopyright = "";
				LD_RUNPATH_SEARCH_PATHS = (
					"$(inherited)",
					"@executable_path/../Frameworks",
				);
				MACOSX_DEPLOYMENT_TARGET = 12.1;
				MARKETING_VERSION = 1.0;
				PRODUCT_BUNDLE_IDENTIFIER = "IIT.Homework-5";
				PRODUCT_NAME = "Homework 5";
				SDKROOT = macosx;
				SWIFT_EMIT_LOC_STRINGS = YES;
				SWIFT_VERSION = 5.0;
			};
			name = Debug;
		};
		094E72DB27DBB44E005408FF /* Release */ = {
			isa = XCBuildConfiguration;
			buildSettings = {
				ASSETCATALOG_COMPILER_APPICON_NAME = AppIcon;
				ASSETCATALOG_COMPILER_GLOBAL_ACCENT_COLOR_NAME = AccentColor;
				CODE_SIGN_ENTITLEMENTS = macOS/macOS.entitlements;
				CODE_SIGN_STYLE = Automatic;
				COMBINE_HIDPI_IMAGES = YES;
				CURRENT_PROJECT_VERSION = 1;
				ENABLE_PREVIEWS = YES;
				GENERATE_INFOPLIST_FILE = YES;
				INFOPLIST_KEY_NSHumanReadableCopyright = "";
				LD_RUNPATH_SEARCH_PATHS = (
					"$(inherited)",
					"@executable_path/../Frameworks",
				);
				MACOSX_DEPLOYMENT_TARGET = 12.1;
				MARKETING_VERSION = 1.0;
				PRODUCT_BUNDLE_IDENTIFIER = "IIT.Homework-5";
				PRODUCT_NAME = "Homework 5";
				SDKROOT = macosx;
				SWIFT_EMIT_LOC_STRINGS = YES;
				SWIFT_VERSION = 5.0;
			};
			name = Release;
		};
		094E72DD27DBB44E005408FF /* Debug */ = {
			isa = XCBuildConfiguration;
			buildSettings = {
				ALWAYS_EMBED_SWIFT_STANDARD_LIBRARIES = YES;
				CODE_SIGN_STYLE = Automatic;
				CURRENT_PROJECT_VERSION = 1;
				GENERATE_INFOPLIST_FILE = YES;
				IPHONEOS_DEPLOYMENT_TARGET = 15.2;
				MARKETING_VERSION = 1.0;
				PRODUCT_BUNDLE_IDENTIFIER = "IIT.Tests-iOS";
				PRODUCT_NAME = "$(TARGET_NAME)";
				SDKROOT = iphoneos;
				SWIFT_EMIT_LOC_STRINGS = NO;
				SWIFT_VERSION = 5.0;
				TARGETED_DEVICE_FAMILY = "1,2";
				TEST_TARGET_NAME = "Homework 5 (iOS)";
			};
			name = Debug;
		};
		094E72DE27DBB44E005408FF /* Release */ = {
			isa = XCBuildConfiguration;
			buildSettings = {
				ALWAYS_EMBED_SWIFT_STANDARD_LIBRARIES = YES;
				CODE_SIGN_STYLE = Automatic;
				CURRENT_PROJECT_VERSION = 1;
				GENERATE_INFOPLIST_FILE = YES;
				IPHONEOS_DEPLOYMENT_TARGET = 15.2;
				MARKETING_VERSION = 1.0;
				PRODUCT_BUNDLE_IDENTIFIER = "IIT.Tests-iOS";
				PRODUCT_NAME = "$(TARGET_NAME)";
				SDKROOT = iphoneos;
				SWIFT_EMIT_LOC_STRINGS = NO;
				SWIFT_VERSION = 5.0;
				TARGETED_DEVICE_FAMILY = "1,2";
				TEST_TARGET_NAME = "Homework 5 (iOS)";
				VALIDATE_PRODUCT = YES;
			};
			name = Release;
		};
		094E72E027DBB44E005408FF /* Debug */ = {
			isa = XCBuildConfiguration;
			buildSettings = {
				ALWAYS_EMBED_SWIFT_STANDARD_LIBRARIES = YES;
				CODE_SIGN_STYLE = Automatic;
				CURRENT_PROJECT_VERSION = 1;
				GENERATE_INFOPLIST_FILE = YES;
				MACOSX_DEPLOYMENT_TARGET = 12.1;
				MARKETING_VERSION = 1.0;
				PRODUCT_BUNDLE_IDENTIFIER = "IIT.Tests-macOS";
				PRODUCT_NAME = "$(TARGET_NAME)";
				SDKROOT = macosx;
				SWIFT_EMIT_LOC_STRINGS = NO;
				SWIFT_VERSION = 5.0;
				TEST_TARGET_NAME = "Homework 5 (macOS)";
			};
			name = Debug;
		};
		094E72E127DBB44E005408FF /* Release */ = {
			isa = XCBuildConfiguration;
			buildSettings = {
				ALWAYS_EMBED_SWIFT_STANDARD_LIBRARIES = YES;
				CODE_SIGN_STYLE = Automatic;
				CURRENT_PROJECT_VERSION = 1;
				GENERATE_INFOPLIST_FILE = YES;
				MACOSX_DEPLOYMENT_TARGET = 12.1;
				MARKETING_VERSION = 1.0;
				PRODUCT_BUNDLE_IDENTIFIER = "IIT.Tests-macOS";
				PRODUCT_NAME = "$(TARGET_NAME)";
				SDKROOT = macosx;
				SWIFT_EMIT_LOC_STRINGS = NO;
				SWIFT_VERSION = 5.0;
				TEST_TARGET_NAME = "Homework 5 (macOS)";
			};
			name = Release;
		};
/* End XCBuildConfiguration section */

/* Begin XCConfigurationList section */
		094E72A427DBB44C005408FF /* Build configuration list for PBXProject "Homework 5" */ = {
			isa = XCConfigurationList;
			buildConfigurations = (
				094E72D427DBB44E005408FF /* Debug */,
				094E72D527DBB44E005408FF /* Release */,
			);
			defaultConfigurationIsVisible = 0;
			defaultConfigurationName = Release;
		};
		094E72D627DBB44E005408FF /* Build configuration list for PBXNativeTarget "Homework 5 (iOS)" */ = {
			isa = XCConfigurationList;
			buildConfigurations = (
				094E72D727DBB44E005408FF /* Debug */,
				094E72D827DBB44E005408FF /* Release */,
			);
			defaultConfigurationIsVisible = 0;
			defaultConfigurationName = Release;
		};
		094E72D927DBB44E005408FF /* Build configuration list for PBXNativeTarget "Homework 5 (macOS)" */ = {
			isa = XCConfigurationList;
			buildConfigurations = (
				094E72DA27DBB44E005408FF /* Debug */,
				094E72DB27DBB44E005408FF /* Release */,
			);
			defaultConfigurationIsVisible = 0;
			defaultConfigurationName = Release;
		};
		094E72DC27DBB44E005408FF /* Build configuration list for PBXNativeTarget "Tests iOS" */ = {
			isa = XCConfigurationList;
			buildConfigurations = (
				094E72DD27DBB44E005408FF /* Debug */,
				094E72DE27DBB44E005408FF /* Release */,
			);
			defaultConfigurationIsVisible = 0;
			defaultConfigurationName = Release;
		};
		094E72DF27DBB44E005408FF /* Build configuration list for PBXNativeTarget "Tests macOS" */ = {
			isa = XCConfigurationList;
			buildConfigurations = (
				094E72E027DBB44E005408FF /* Debug */,
				094E72E127DBB44E005408FF /* Release */,
			);
			defaultConfigurationIsVisible = 0;
			defaultConfigurationName = Release;
		};
/* End XCConfigurationList section */

/* Begin XCRemoteSwiftPackageReference section */
		09A3590227F34C5F003817FC /* XCRemoteSwiftPackageReference "core-plot" */ = {
			isa = XCRemoteSwiftPackageReference;
			repositoryURL = "https://github.com/core-plot/core-plot/";
			requirement = {
				kind = exactVersion;
				version = 2.4.0;
			};
		};
/* End XCRemoteSwiftPackageReference section */
	};
	rootObject = 094E72A127DBB44C005408FF /* Project object */;
}
